
Microsoft Visual Studio Solution File, Format Version 12.00
# Visual Studio Version 17
VisualStudioVersion = 17.11.35208.52
MinimumVisualStudioVersion = 10.0.40219.1
Project("{FAE04EC0-301F-11D3-BF4B-00C04F79EFBC}") = "thucHanh 22_10", "thucHanh 22_10\thucHanh 22_10.csproj", "{C4DDE482-6F50-4A2D-9489-2F5EED9F4390}"
EndProject
Global
	GlobalSection(SolutionConfigurationPlatforms) = preSolution
		Debug|Any CPU = Debug|Any CPU
		Release|Any CPU = Release|Any CPU
	EndGlobalSection
	GlobalSection(ProjectConfigurationPlatforms) = postSolution
		{C4DDE482-6F50-4A2D-9489-2F5EED9F4390}.Debug|Any CPU.ActiveCfg = Debug|Any CPU
		{C4DDE482-6F50-4A2D-9489-2F5EED9F4390}.Debug|Any CPU.Build.0 = Debug|Any CPU
		{C4DDE482-6F50-4A2D-9489-2F5EED9F4390}.Release|Any CPU.ActiveCfg = Release|Any CPU
		{C4DDE482-6F50-4A2D-9489-2F5EED9F4390}.Release|Any CPU.Build.0 = Release|Any CPU
	EndGlobalSection
	GlobalSection(SolutionProperties) = preSolution
		HideSolutionNode = FALSE
	EndGlobalSection
	GlobalSection(ExtensibilityGlobals) = postSolution
		SolutionGuid = {8B5ED5DB-9F75-4C42-BA81-50892D28579F}
	EndGlobalSection
EndGlobal
